
Microsoft Visual Studio Solution File, Format Version 12.00
# Visual Studio 15
VisualStudioVersion = 15.0.27130.2020
MinimumVisualStudioVersion = 10.0.40219.1
Project("{888888A0-9F3D-457C-B088-3A5042F75D52}") = "pyspark_example", "pyspark_example\pyspark_example.pyproj", "{72D951B5-3839-4820-A22A-E549BD82C6CB}"
EndProject
Global
	GlobalSection(SolutionConfigurationPlatforms) = preSolution
		Debug|Any CPU = Debug|Any CPU
		Release|Any CPU = Release|Any CPU
	EndGlobalSection
	GlobalSection(ProjectConfigurationPlatforms) = postSolution
		{72D951B5-3839-4820-A22A-E549BD82C6CB}.Debug|Any CPU.ActiveCfg = Debug|Any CPU
		{72D951B5-3839-4820-A22A-E549BD82C6CB}.Release|Any CPU.ActiveCfg = Release|Any CPU
	EndGlobalSection
	GlobalSection(SolutionProperties) = preSolution
		HideSolutionNode = FALSE
	EndGlobalSection
	GlobalSection(ExtensibilityGlobals) = postSolution
		SolutionGuid = {16A80C23-3F65-40AF-A6C7-D1E4D5566DC2}
	EndGlobalSection
EndGlobal
